Microsoft Visual Studio Solution File, Format Version 11.00
# Visual Studio 2008

Project("{2778CEC4-FC56-EE08-A0A2-3F45CB7612B0}") = "bartok", "Assembly-CSharp.csproj", "{D1A49B42-3969-9409-DAB4-C4D8E20F8B71}"
EndProject
Global
	GlobalSection(SolutionConfigurationPlatforms) = preSolution
		Debug|Any CPU = Debug|Any CPU
		Release|Any CPU = Release|Any CPU
	EndGlobalSection
	GlobalSection(ProjectConfigurationPlatforms) = postSolution
		{D1A49B42-3969-9409-DAB4-C4D8E20F8B71}.Debug|Any CPU.ActiveCfg = Debug|Any CPU
		{D1A49B42-3969-9409-DAB4-C4D8E20F8B71}.Debug|Any CPU.Build.0 = Debug|Any CPU
		{D1A49B42-3969-9409-DAB4-C4D8E20F8B71}.Release|Any CPU.ActiveCfg = Release|Any CPU
		{D1A49B42-3969-9409-DAB4-C4D8E20F8B71}.Release|Any CPU.Build.0 = Release|Any CPU
	EndGlobalSection
	GlobalSection(SolutionProperties) = preSolution
		HideSolutionNode = FALSE
	EndGlobalSection
	GlobalSection(MonoDevelopProperties) = preSolution
		StartupItem = Assembly-CSharp.csproj
	EndGlobalSection
EndGlobal
